
Microsoft Visual Studio Solution File, Format Version 12.00
# Visual Studio Version 17
VisualStudioVersion = 17.3.32825.248
MinimumVisualStudioVersion = 10.0.40219.1
Project("{FAE04EC0-301F-11D3-BF4B-00C04F79EFBC}") = "Classwork6", "task-20.10\Classwork6.csproj", "{932E7D03-6EEE-4072-A2AB-15B65B90D9C5}"
EndProject
Project("{FAE04EC0-301F-11D3-BF4B-00C04F79EFBC}") = "Homework6", "Homework6\Homework6.csproj", "{1D85AFB7-D8E2-42DA-A8E5-1BA4A045FBC2}"
EndProject
Global
	GlobalSection(SolutionConfigurationPlatforms) = preSolution
		Debug|Any CPU = Debug|Any CPU
		Release|Any CPU = Release|Any CPU
	EndGlobalSection
	GlobalSection(ProjectConfigurationPlatforms) = postSolution
		{932E7D03-6EEE-4072-A2AB-15B65B90D9C5}.Debug|Any CPU.ActiveCfg = Debug|Any CPU
		{932E7D03-6EEE-4072-A2AB-15B65B90D9C5}.Debug|Any CPU.Build.0 = Debug|Any CPU
		{932E7D03-6EEE-4072-A2AB-15B65B90D9C5}.Release|Any CPU.ActiveCfg = Release|Any CPU
		{932E7D03-6EEE-4072-A2AB-15B65B90D9C5}.Release|Any CPU.Build.0 = Release|Any CPU
		{1D85AFB7-D8E2-42DA-A8E5-1BA4A045FBC2}.Debug|Any CPU.ActiveCfg = Debug|Any CPU
		{1D85AFB7-D8E2-42DA-A8E5-1BA4A045FBC2}.Debug|Any CPU.Build.0 = Debug|Any CPU
		{1D85AFB7-D8E2-42DA-A8E5-1BA4A045FBC2}.Release|Any CPU.ActiveCfg = Release|Any CPU
		{1D85AFB7-D8E2-42DA-A8E5-1BA4A045FBC2}.Release|Any CPU.Build.0 = Release|Any CPU
	EndGlobalSection
	GlobalSection(SolutionProperties) = preSolution
		HideSolutionNode = FALSE
	EndGlobalSection
	GlobalSection(ExtensibilityGlobals) = postSolution
		SolutionGuid = {F435E272-68F1-48FA-A235-822D536C9C6A}
	EndGlobalSection
EndGlobal
